<Solution>
  <Folder Name="/src/">
    <Project Path="src/KotobaSUB.Core/KotobaSUB.Core.csproj" />
    <Project Path="src/KotobaSUB.Japanese/KotobaSUB.Japanese.csproj" />
    <Project Path="src/KotobaSUB.Windows/KotobaSUB.Windows.csproj" />
  </Folder>
  <Folder Name="/tests/">
    <Project Path="tests/KotobaSUB.Tests/KotobaSUB.Tests.csproj" />
  </Folder>
  <Folder Name="/tools/">
    <Project Path="tools/KotobaSUB.Data/KotobaSUB.Data.csproj" />
  </Folder>
</Solution>
